# This file is automatically @generated by Cargo.
# It is not intended for manual editing.
version = 3

[[package]]
name = "draw_backend_canvas"
version = "0.1.0"
dependencies = [
 "draw_render",
]

[[package]]
name = "draw_backend_recording"
version = "0.1.0"
dependencies = [
 "draw_core",
 "draw_render",
 "draw_scene",
]

[[package]]
name = "draw_core"
version = "0.1.0"

[[package]]
name = "draw_render"
version = "0.1.0"
dependencies = [
 "draw_core",
]

[[package]]
name = "draw_scene"
version = "0.1.0"
dependencies = [
 "draw_core",
 "draw_render",
]

[[package]]
name = "draw_ui"
version = "0.1.0"
dependencies = [
 "draw_core",
 "draw_scene",
]

[[package]]
name = "draw_wasm"
version = "0.1.0"
dependencies = [
 "draw_backend_canvas",
 "draw_render",
]
